
Microsoft Visual Studio Solution File, Format Version 12.00
# Visual Studio Version 17
VisualStudioVersion = 17.5.33530.505
MinimumVisualStudioVersion = 10.0.40219.1
Project("{9A19103F-16F7-4668-BE54-9A1E7A4F7556}") = "CQIE.LMS.Web", "CQIE.LMS.Web\CQIE.LMS.Web.csproj", "{596BD4BC-1B75-4227-8C96-56FC482802C6}"
EndProject
Project("{9A19103F-16F7-4668-BE54-9A1E7A4F7556}") = "CQIE.LMS.Models", "CQIE.LMS.Models\CQIE.LMS.Models.csproj", "{4A5C73DB-2EA8-4945-9B8C-DF0034F173E0}"
EndProject
Project("{9A19103F-16F7-4668-BE54-9A1E7A4F7556}") = "CQIE.LMS.Services", "CQIE.LMS.Services\CQIE.LMS.Services.csproj", "{E31007D2-D03E-4D6D-95FB-1857B7017D9F}"
EndProject
Project("{9A19103F-16F7-4668-BE54-9A1E7A4F7556}") = "CQIE.LMS.DBManager", "CQIE.LMS.DBManager\CQIE.LMS.DBManager.csproj", "{5CF8ACAC-7742-4DF2-BEF5-AEA99FDA58FE}"
EndProject
Project("{9A19103F-16F7-4668-BE54-9A1E7A4F7556}") = "CQIE.LMS.Utility", "CQlE.LMS.Utility\CQIE.LMS.Utility.csproj", "{C0F0F838-A589-4D0F-9422-2DC85057EB9A}"
EndProject
Global
	GlobalSection(SolutionConfigurationPlatforms) = preSolution
		Debug|Any CPU = Debug|Any CPU
		Release|Any CPU = Release|Any CPU
	EndGlobalSection
	GlobalSection(ProjectConfigurationPlatforms) = postSolution
		{596BD4BC-1B75-4227-8C96-56FC482802C6}.Debug|Any CPU.ActiveCfg = Debug|Any CPU
		{596BD4BC-1B75-4227-8C96-56FC482802C6}.Debug|Any CPU.Build.0 = Debug|Any CPU
		{596BD4BC-1B75-4227-8C96-56FC482802C6}.Release|Any CPU.ActiveCfg = Release|Any CPU
		{596BD4BC-1B75-4227-8C96-56FC482802C6}.Release|Any CPU.Build.0 = Release|Any CPU
		{4A5C73DB-2EA8-4945-9B8C-DF0034F173E0}.Debug|Any CPU.ActiveCfg = Debug|Any CPU
		{4A5C73DB-2EA8-4945-9B8C-DF0034F173E0}.Debug|Any CPU.Build.0 = Debug|Any CPU
		{4A5C73DB-2EA8-4945-9B8C-DF0034F173E0}.Release|Any CPU.ActiveCfg = Release|Any CPU
		{4A5C73DB-2EA8-4945-9B8C-DF0034F173E0}.Release|Any CPU.Build.0 = Release|Any CPU
		{E31007D2-D03E-4D6D-95FB-1857B7017D9F}.Debug|Any CPU.ActiveCfg = Debug|Any CPU
		{E31007D2-D03E-4D6D-95FB-1857B7017D9F}.Debug|Any CPU.Build.0 = Debug|Any CPU
		{E31007D2-D03E-4D6D-95FB-1857B7017D9F}.Release|Any CPU.ActiveCfg = Release|Any CPU
		{E31007D2-D03E-4D6D-95FB-1857B7017D9F}.Release|Any CPU.Build.0 = Release|Any CPU
		{5CF8ACAC-7742-4DF2-BEF5-AEA99FDA58FE}.Debug|Any CPU.ActiveCfg = Debug|Any CPU
		{5CF8ACAC-7742-4DF2-BEF5-AEA99FDA58FE}.Debug|Any CPU.Build.0 = Debug|Any CPU
		{5CF8ACAC-7742-4DF2-BEF5-AEA99FDA58FE}.Release|Any CPU.ActiveCfg = Release|Any CPU
		{5CF8ACAC-7742-4DF2-BEF5-AEA99FDA58FE}.Release|Any CPU.Build.0 = Release|Any CPU
		{C0F0F838-A589-4D0F-9422-2DC85057EB9A}.Debug|Any CPU.ActiveCfg = Debug|Any CPU
		{C0F0F838-A589-4D0F-9422-2DC85057EB9A}.Debug|Any CPU.Build.0 = Debug|Any CPU
		{C0F0F838-A589-4D0F-9422-2DC85057EB9A}.Release|Any CPU.ActiveCfg = Release|Any CPU
		{C0F0F838-A589-4D0F-9422-2DC85057EB9A}.Release|Any CPU.Build.0 = Release|Any CPU
	EndGlobalSection
	GlobalSection(SolutionProperties) = preSolution
		HideSolutionNode = FALSE
	EndGlobalSection
	GlobalSection(ExtensibilityGlobals) = postSolution
		SolutionGuid = {B9D47301-5AA5-4245-B787-BE930A245AC2}
	EndGlobalSection
EndGlobal
